
Microsoft Visual Studio Solution File, Format Version 12.00
# Visual Studio 15
VisualStudioVersion = 15.0.28010.2003
MinimumVisualStudioVersion = 10.0.40219.1
Project("{FAE04EC0-301F-11D3-BF4B-00C04F79EFBC}") = "SIMPLEWEB.CMS.DATA", "SIMPLEWEB.CMS.DATA\SIMPLEWEB.CMS.DATA.csproj", "{7880E7D7-7DB3-461B-AF4C-5C474F02A886}"
EndProject
Project("{FAE04EC0-301F-11D3-BF4B-00C04F79EFBC}") = "SIMPLEWEB.CMS.COMMON", "SIMPLEWEB.CMS.COMMON\SIMPLEWEB.CMS.COMMON.csproj", "{8E9AB1F7-FAB8-4674-9406-AB470F05756D}"
EndProject
Project("{FAE04EC0-301F-11D3-BF4B-00C04F79EFBC}") = "SIMPLEWEB.CMS.BIZ", "SIMPLEWEB.CMS.BIZ\SIMPLEWEB.CMS.BIZ.csproj", "{B2FA5730-72A8-4936-AB31-EF67CB58F5B1}"
EndProject
Project("{9A19103F-16F7-4668-BE54-9A1E7A4F7556}") = "SIMPLEWEB.CMS.BIZ.TESTS", "SIMPLEWEB.CMS.BIZ.TESTS\SIMPLEWEB.CMS.BIZ.TESTS.csproj", "{65E888CE-63B1-4126-BB8D-8CC46A84DD66}"
EndProject
Project("{9A19103F-16F7-4668-BE54-9A1E7A4F7556}") = "SIMPLEWEB.CMS.COMMON.TESTS", "SIMPLEWEB.CMS.COMMON.TESTS\SIMPLEWEB.CMS.COMMON.TESTS.csproj", "{E64230FA-5675-42FC-95B3-921D2061A8DF}"
EndProject
Project("{9A19103F-16F7-4668-BE54-9A1E7A4F7556}") = "SIMPLEWEB.CMS.DATA.TESTS", "SIMPLEWEB.CMS.DATA.TESTS\SIMPLEWEB.CMS.DATA.TESTS.csproj", "{84DC88E8-CFB8-49B5-8901-DB622560B6AC}"
EndProject
Project("{9A19103F-16F7-4668-BE54-9A1E7A4F7556}") = "SIMPLEWEB.CMS.WEBCLIENT", "SIMPLEWEB.CMS.WEBCLIENT\SIMPLEWEB.CMS.WEBCLIENT.csproj", "{386D01C3-ED21-4AB8-88DB-38599F4732E1}"
EndProject
Global
	GlobalSection(SolutionConfigurationPlatforms) = preSolution
		Debug|Any CPU = Debug|Any CPU
		Release|Any CPU = Release|Any CPU
	EndGlobalSection
	GlobalSection(ProjectConfigurationPlatforms) = postSolution
		{7880E7D7-7DB3-461B-AF4C-5C474F02A886}.Debug|Any CPU.ActiveCfg = Debug|Any CPU
		{7880E7D7-7DB3-461B-AF4C-5C474F02A886}.Debug|Any CPU.Build.0 = Debug|Any CPU
		{7880E7D7-7DB3-461B-AF4C-5C474F02A886}.Release|Any CPU.ActiveCfg = Release|Any CPU
		{7880E7D7-7DB3-461B-AF4C-5C474F02A886}.Release|Any CPU.Build.0 = Release|Any CPU
		{8E9AB1F7-FAB8-4674-9406-AB470F05756D}.Debug|Any CPU.ActiveCfg = Debug|Any CPU
		{8E9AB1F7-FAB8-4674-9406-AB470F05756D}.Debug|Any CPU.Build.0 = Debug|Any CPU
		{8E9AB1F7-FAB8-4674-9406-AB470F05756D}.Release|Any CPU.ActiveCfg = Release|Any CPU
		{8E9AB1F7-FAB8-4674-9406-AB470F05756D}.Release|Any CPU.Build.0 = Release|Any CPU
		{B2FA5730-72A8-4936-AB31-EF67CB58F5B1}.Debug|Any CPU.ActiveCfg = Debug|Any CPU
		{B2FA5730-72A8-4936-AB31-EF67CB58F5B1}.Debug|Any CPU.Build.0 = Debug|Any CPU
		{B2FA5730-72A8-4936-AB31-EF67CB58F5B1}.Release|Any CPU.ActiveCfg = Release|Any CPU
		{B2FA5730-72A8-4936-AB31-EF67CB58F5B1}.Release|Any CPU.Build.0 = Release|Any CPU
		{65E888CE-63B1-4126-BB8D-8CC46A84DD66}.Debug|Any CPU.ActiveCfg = Debug|Any CPU
		{65E888CE-63B1-4126-BB8D-8CC46A84DD66}.Debug|Any CPU.Build.0 = Debug|Any CPU
		{65E888CE-63B1-4126-BB8D-8CC46A84DD66}.Release|Any CPU.ActiveCfg = Release|Any CPU
		{65E888CE-63B1-4126-BB8D-8CC46A84DD66}.Release|Any CPU.Build.0 = Release|Any CPU
		{E64230FA-5675-42FC-95B3-921D2061A8DF}.Debug|Any CPU.ActiveCfg = Debug|Any CPU
		{E64230FA-5675-42FC-95B3-921D2061A8DF}.Debug|Any CPU.Build.0 = Debug|Any CPU
		{E64230FA-5675-42FC-95B3-921D2061A8DF}.Release|Any CPU.ActiveCfg = Release|Any CPU
		{E64230FA-5675-42FC-95B3-921D2061A8DF}.Release|Any CPU.Build.0 = Release|Any CPU
		{84DC88E8-CFB8-49B5-8901-DB622560B6AC}.Debug|Any CPU.ActiveCfg = Debug|Any CPU
		{84DC88E8-CFB8-49B5-8901-DB622560B6AC}.Debug|Any CPU.Build.0 = Debug|Any CPU
		{84DC88E8-CFB8-49B5-8901-DB622560B6AC}.Release|Any CPU.ActiveCfg = Release|Any CPU
		{84DC88E8-CFB8-49B5-8901-DB622560B6AC}.Release|Any CPU.Build.0 = Release|Any CPU
		{386D01C3-ED21-4AB8-88DB-38599F4732E1}.Debug|Any CPU.ActiveCfg = Debug|Any CPU
		{386D01C3-ED21-4AB8-88DB-38599F4732E1}.Debug|Any CPU.Build.0 = Debug|Any CPU
		{386D01C3-ED21-4AB8-88DB-38599F4732E1}.Release|Any CPU.ActiveCfg = Release|Any CPU
		{386D01C3-ED21-4AB8-88DB-38599F4732E1}.Release|Any CPU.Build.0 = Release|Any CPU
	EndGlobalSection
	GlobalSection(SolutionProperties) = preSolution
		HideSolutionNode = FALSE
	EndGlobalSection
	GlobalSection(ExtensibilityGlobals) = postSolution
		SolutionGuid = {C3557FC2-4D06-4AD5-ADBA-879A1D3509FD}
	EndGlobalSection
EndGlobal
